<?xml version="1.0" encoding="UTF-8"?>
<Scheme
   version = "1.3">
   <BuildAction>
      <BuildActionEntries>
         <BuildActionEntry
            buildForRunning = "YES">
            <BuildableReference
               BuildableIdentifier = "primary"
               BlueprintIdentifier = "629472AD1FDAB0E000239AD5"
               BuildableName = "RxNextExample.app"
               BlueprintName = "RxNextExample"
               ReferencedContainer = "container:RxNextExample.xcodeproj">
            </BuildableReference>
         </BuildActionEntry>
      </BuildActionEntries>
   </BuildAction>
   <LaunchAction
      useCustomWorkingDirectory = "NO"
      buildConfiguration = "Debug">
      <BuildableProductRunnable>
         <BuildableReference
            BuildableIdentifier = "primary"
            BlueprintIdentifier = "629472AD1FDAB0E000239AD5"
            BuildableName = "RxNextExample.app"
            BlueprintName = "RxNextExample"
            ReferencedContainer = "container:RxNextExample.xcodeproj">
         </BuildableReference>
      </BuildableProductRunnable>
   </LaunchAction>
</Scheme>
